
Microsoft Visual Studio Solution File, Format Version 12.00
# Visual Studio 14
VisualStudioVersion = 14.0.25420.1
MinimumVisualStudioVersion = 10.0.40219.1
Project("{FAE04EC0-301F-11D3-BF4B-00C04F79EFBC}") = "MemberUnlock", "MemberUnlock\MemberUnlock.csproj", "{5359917D-E3AC-4FAE-9546-8A9973D0D01E}"
EndProject
Project("{FAE04EC0-301F-11D3-BF4B-00C04F79EFBC}") = "MemberUnlock.Site", "MemberUnlock.Site\MemberUnlock.Site.csproj", "{3582A106-9CF3-4E49-9720-42D6632EE4FC}"
EndProject
Global
	GlobalSection(SolutionConfigurationPlatforms) = preSolution
		Debug|Any CPU = Debug|Any CPU
		Release|Any CPU = Release|Any CPU
	EndGlobalSection
	GlobalSection(ProjectConfigurationPlatforms) = postSolution
		{5359917D-E3AC-4FAE-9546-8A9973D0D01E}.Debug|Any CPU.ActiveCfg = Debug|Any CPU
		{5359917D-E3AC-4FAE-9546-8A9973D0D01E}.Debug|Any CPU.Build.0 = Debug|Any CPU
		{5359917D-E3AC-4FAE-9546-8A9973D0D01E}.Release|Any CPU.ActiveCfg = Release|Any CPU
		{5359917D-E3AC-4FAE-9546-8A9973D0D01E}.Release|Any CPU.Build.0 = Release|Any CPU
		{3582A106-9CF3-4E49-9720-42D6632EE4FC}.Debug|Any CPU.ActiveCfg = Debug|Any CPU
		{3582A106-9CF3-4E49-9720-42D6632EE4FC}.Debug|Any CPU.Build.0 = Debug|Any CPU
		{3582A106-9CF3-4E49-9720-42D6632EE4FC}.Release|Any CPU.ActiveCfg = Release|Any CPU
		{3582A106-9CF3-4E49-9720-42D6632EE4FC}.Release|Any CPU.Build.0 = Release|Any CPU
	EndGlobalSection
	GlobalSection(SolutionProperties) = preSolution
		HideSolutionNode = FALSE
	EndGlobalSection
EndGlobal
